{
  "responseHeader":{
    "zkConnected":true,
    "status":0,
    "QTime":41,
    "params":{
      "q":"weather",
      "_":"1616152645901"}},
  "response":{"numFound":154,"start":0,"maxScore":3.8438652,"numFoundExact":true,"docs":[
      {
        "id":"/home/dasha/example/solr-8.8.0/test/test_wet_7364/file3855.txt",
        "resourcename":"/home/dasha/example/solr-8.8.0/test/test_wet_7364/file3855.txt",
        "content_type":["text/plain; charset=UTF-8"],
        "content":[" \n \n  \n  \n  \n  \n  \n  \n  \n  \n \n  Weather forecast Madagascar|Datameteo\nLogin Premium\nLogin\nHome\nAlert\nSat\nItaly-Europe\nAfrica\nAsia\nAustralia e Oceania\nNorth America\nSouth America\nWorld\nCurrents\nCurrents\nSynop\nSynop marine\nBuoys\nWeather\nClimate\nMeteovid\nMeteobrowser\nMeteobrowser\nMeteoatlas\nMaps\nExpert\nMetar-Taf-Airmet-Sigmet\nFlight Rules\nSoundings\nVertical Profiles\nCross Section\nPremium\nDatameteo PREMIUM\nBusiness\nRenewable Energies\nAgriculture\nAir,Water,Earth\nWeather Services\nMeteoBrowser\nMeteoVid\nWeather models\nFree-wx\nInfo\nMeteoVid Video, Maps and Images Datameteo's platform\nMeteoVid a World of Video, Maps and Images\nMeteoVid is our content delivery system that can display all types of real-time weather information in contour maps, flash feeds or so. The extensive family of our weather data services (data, forecast,sat) offered is combined into a single product. Flash maps feeds contour maps and forecats are updated 4 times a day,actual weather data every 30 minutes.\nAll the contour maps, forecast, current weather and flash feeds like audio playing and option, company brand and colors, content management are fully customizable and multilingual.MeteoVid standard dimensions follow a 4:3 ratio(320x240, 480x360 640x480, 1024x768 or customized ratio upon request). Adding MeteoVid dynamic weather content to your web site or public display system is very simple. Including in your webpage, portal, system some lines of javascript code and your weather channel is ready to run.\nMeteovid is an external flash feeds player or a js maps deliver platform.No need to worry about long download times or bandwith usage.\nMeteoVid works on our dedicated servers network.\nWe also provide a very specialized weather info via AERO, AGRO, SKI, SAILING, ALERT that are exciting new weather content delivery systems that can display all types of real-time weather information in a quick, concise and user-friendly format based on Meteograms formats.\nCheck our specialist weather channels AERO, AGRO, SKI , SAILING; ALERT and for more information visit our pages.\nSee Meteovid MeteoVid Brochure Request Info\nweather forecast Madagascar\nweather Madagascar\nweather warnings Madagascar\n16 days weather forecast Madagascar\n45 days weather forecast Madagascar\nData Madagascar and forecasts weather Madagascar with updated weather warnings Madagascar and fire. High resolution forecast models Madagascar WRF, CFS WWW3 for wind, photovoltaics, security civile.Alerting worldwide services and high resolutions weather Madagascar models. The model for the 45 days weather forecast Madagascar is updated regularly as a cadence atypical. Also available are 16 days weather forecast Madagascar for 7000 and 8000 Italian municipalities locations worldwide\nWeather forecast Madagascar\nweather Madagascar\n16 days weather forecast Madagascar\n45 days weather forecast Madagascar\nGo to: Alert » Currents » Synop\n» Buoys » Climate » Meteovid\nDatameteo LRC previsioni meteo località italia e mondo\nYou are in Forecast: World >> Europe >> Italy >> Sicily >> Palermo\nSearch location\nCountry:\nAFGHANISTAN ALBANIA ALGERIA ANDORRA ANGOLA ANGUILLA ANTARCTICA ANTIGUA AND BARBUDA ARGENTINA ARMENIA ARUBA AUSTRALIA AUSTRIA AZERBAIJAN BAHAMAS BAHRAIN BANGLADESH BARBADOS BELARUS BELGIUM BELIZE BENIN BERMUDA BHUTAN BOLIVIA BOSNIA AND HERZEGOVINA BOTSWANA BRAZIL BRITISH INDIAN OCEAN TERRITORY BRUNEI DARUSSALAM BULGARIA BURKINA FASO BURUNDI CAMBODIA CAMEROON CANADA CAPE VERDE CAYMAN ISLANDS CENTRAL AFRICAN REPUBLIC CHAD CHILE CHINA CHRISTMAS ISLAND COLOMBIA COMOROS CONGO CONGO REPUBBLICA DEMOCRATICA COOK ISLANDS COSTA RICA COTE DIVOIRE CROATIA CUBA CYPRUS CZECH REPUBLIC DENMARK DJIBOUTI DOMINICA DOMINICAN REPUBLIC EAST TIMOR ECUADOR EGYPT EL SALVADOR EQUATORIAL GUINEA ESTONIA ETHIOPIA FALKLAND ISLANDS (MALVINAS) FIJI FINLAND FRANCE FRENCH GUIANA FRENCH POLYNESIA GABON GAMBIA GEORGIA GERMANY GHANA GIBRALTAR GREECE GREENLAND GRENADA GUADELOUPE GUATEMALA GUINEA GUINEA-BISSAU GUYANA HAITI HONDURAS HONG KONG HUNGARY ICELAND INDIA INDONESIA IRAN IRAQ IRELAND ISRAEL ITALY JAMAICA JAPAN JORDAN KAZAKHSTAN KENYA KIRIBATI KOREA, D.P.R.O. KOREA, REPUBLIC OF KUWAIT KYRGYZSTAN LAOS LATVIA LEBANON LESOTHO LIBERIA LIBYAN ARAB JAMAHIRIYA LITHUANIA LUXEMBOURG MACAU MACEDONIA MADAGASCAR MALAWI MALAYSIA MALDIVES MALI MALTA MARSHALL ISLANDS MARTINIQUE MAURITANIA MAURITIUS MAYOTTE MEXICO MICRONESIA, FEDERATED STATES OF MOLDOVA, REPUBLIC OF MONACO MONGOLIA MOROCCO MOZAMBIQUE MYANMAR (Burma) NAMIBIA NAURU NEPAL NETHERLANDS NETHERLANDS ANTILLES NEW CALEDONIA NEW ZEALAND NICARAGUA NIGER NIGERIA NORWAY OMAN PAKISTAN PALAU PANAMA PAPUA NEW GUINEA PARAGUAY PERU PHILIPPINES POLAND PORTUGAL PUERTO RICO QATAR REUNION ROMANIA RUSSIAN FEDERATION RWANDA SAINT KITTS AND NEVIS SAINT LUCIA SAINT VINCENT AND THE GRENADINES SAMOA SAO TOME AND PRINCIPE SAUDI ARABIA SENEGAL Serbia and Montenegro SEYCHELLES SIERRA LEONE SINGAPORE SLOVAKIA (Slovak Republic) SLOVENIA SOLOMON ISLANDS SOMALIA SOUTH AFRICA SOUTH GEORGIA AND SOUTH S.S. SPAIN SRI LANKA ST. HELENA ST. PIERRE AND MIQUELON SUDAN SURINAME SWAZILAND SWEDEN SWITZERLAND SYRIA TAIWAN TAJIKISTAN TANZANIA, UNITED REPUBLIC OF THAILAND TOGO TONGA TRINIDAD AND TOBAGO TUNISIA TURKEY TURKMENISTAN TUVALU U.S. MINOR ISLANDS UGANDA UKRAINE UNITED ARAB EMIRATES UNITED KINGDOM UNITED STATES URUGUAY UZBEKISTAN VANUATU VATICAN VENEZUELA VIET NAM VIRGIN ISLANDS (BRITISH) VIRGIN ISLANDS (U.S.) WALLIS AND FUTUNA ISLANDS WESTERN SAHARA YEMEN ZAMBIA ZIMBABWE State:\nAbruzzo Basilicata Calabria Campania Emilia Romagna Friuli Venezia Giulia Lazio Liguria Lombardia Marche Molise Piemonte Puglia Sardegna Sicilia Toscana Trentino Alto Adige Umbria Valle D'Aosta Veneto Province:\nAgrigento Caltanissetta Catania Enna Messina Palermo Ragusa Siracusa Trapani Location:\nAlia Alimena Aliminusa Altavilla milicia Altofonte Bagheria Balestrate Baucina Belmonte mezzagno Bisacquino Blufi Bolognetta Bompietro Borgetto Caccamo Caltavuturo Campofelice di fitalia Campofelice di roccella Campofiorito Camporeale Capaci Carini Castelbuono Casteldaccia Castellana sicula Castronovo di Sicilia Cefala diana Cefalu Cerda Chiusa sclafani Ciminna Cinisi Collesano Contessa entellina Corleone Ficarazzi Gangi Geraci siculo Giardinello Giuliana Godrano Gratteri Isnello Isola delle femmine Lascari Lercara friddi Marineo Mezzojuso Misilmeri Monreale Montelepre Montemaggiore belsito Palazzo adriano Palermo Partinico Petralia soprana Petralia sottana Piana degli albanesi Polizzi generosa Pollina Prizzi Roccamena Roccapalumba San cipirello San giuseppe jato San mauro castelverde Santa cristina gela Santa flavia Sciara Scillato Sclafani bagni Termini imerese Terrasini Torretta Trabia Trappeto Ustica Valledolmo Ventimiglia di sicilia Vicari Villabate Villafrati\nSicilia\nSeasonal Focus\nSeasonal Focus :\nMeteoVid:Maps,Modelli,Video\nLegend\nTemperature Anomaly\nTemperature °C Period\n> 3°C Warmer\n< -3°C Colder\nBetween -3°C and 3°C Stable\nHumidity anomaly\n% Humidity Period\n> 50% More Humid\n< -50% More Drier\nBetween -50% and 50°% Stable\nPrecipitation anomaly\n% Precipitation Period\n> 15% Precipitation increase\n< -15% Drier\nBetween -15% and 15% Stable\nMore Details\nThis page provides seasonal climate anomalies from a 1.2Â°di spatial resolution NCEP coupled forecast system model (CFS) modified by LRC staff, updated daily. The forecast displayed is 80 ensembles mean of various forecast members (higher then a the standard CFS configuration).\nMore Information...\nLegend Precipitation - Legend Humidity - Legend Temperature\n*Our climatological model gives you pentad area climated trend predictions based on % of anomalies.This section is reserved at weather enthusiasts with a minimum experience in climatology matter able to compare and correctly read the simple color scale used to represent the increasing of decreasing of an anomaly. More info...\nUpdated: WED 22 September 2010, 15:09 Italian LT (UTC+1 Winter UTC+2 Summer)\nNorthern Italy Central Italy Southern Italy\nEmilia Romagna\nFriuli Venezia Giulia\nLombardia\nLiguria\nPiedmont\nTrentino Alto Adige\nValle D'Aosta\nVeneto\nAbruzzo\nLazio\nMarche\nMolise\nTuscany\nUmbria\nBasilicata\nCalabria\nCampania\nPuglia\nSardinia\nSicily\nDatameteo Italy\nItaly Forecast\nItaly Current Weather\nItaly Climate Data\nItaly Regional Weather\nPiedmont Weather\nParma Weather\nMeteoMail\nDatameteo World\nWorld Forecast\nWorld Current Weather\nWorld Climate Data\nEurope Weather\nWeather Maps World\nWeather Maps Europe\nFree weather\nWorldWide Warnings\nHail Alert\nFire Alert\nTropical Storm\nTornado Warnings\nHigh Resolution Warnings\nDrought Warnings\nHydrological Warnings\nViability Warnings\nExpert\nMetar-Taf-Airmet-Sigmet\nFlight Rules\nGFS Model\nWRF Model\nCFS Model\nMeteograms\nWW3 Model\nPremium\nDatameteo PREMIUM\n45 Days Forecast\nMaps up to 6 months\nSeasonal Forecasts\nSupport\nLogin\nPassword Lost\nBusiness\nRenewable Energies\nAgricolture\nAir,Water,Roads\nMeteoBrowser\nMeteoVid\nWeather Model\nHigh resolution weather\nSolar radiation forecast\nWind power forecasting\nHydro Power Forecast\n45days weather forecast outlook antananarivo - 45days weather forecast outlook mahajanga - 45days weather forecast outlook nosy-be island -\nDatameteo (trade mark powered by LRC inc) combines meteorological skills with the best technology to propose innovative weather solutions extremely scalable, from the simple xml application or CSV feed working on your hosting, to the most innovative weather platform that requires and enterprise environments but can easily integrated with third-party offerings.This help companies to realize increased visibility profits and customer loyalty. We are located in Italy operating since 2000 with an international focus relative at weather applications. The website is one of the most popular weather site for people interested in flying, skydiving, kitesurfing, gliding, paragliding, boating, sailing or in general weather data and forecast worldwide. Through our cluster servers located in a conditinated and securized datacenter wth redundant power supply and mutiple internet network connections we offer a wide range of weather services based on our high resolution weather (WRF) wave (WWW3-Hycom), climate (CFS) models, data customization services (web, video etc..)and innovative weather platform like the new Virtual Wind Farm Maker or the new Meteobrowser high resolution weather planner. Datameteo is proud to serve customers ranging form the webcompany to the tour operator hadling societies port authorities.All the high resolution weather and marine models and hurricane tracking system and weather products ( data, maps, videos) are available for every location, sea, zone all over the world. We also provide a very specialized weather info via AERO, AGRO, SKI, SAILING, ALERT that are exciting new weather content delivery systems that can display all types of real-time weather information in a quick, concise and user-friendly format based on Meteograms . Check our specialist weather channels AERO, AGRO, SKI , SAILING; ALERT and the new 2 Km grid WRF EMM (Eulerian Mass Model) weather model and for more information visit our pages.\n© Datameteo all rigths reserved - High Resolution weather model Centre located in LRC Servizi Srl-Italy. Data provided by NOAA.\nWebsite optimized for Firefox-Safari-Chrome-IE8 Datameteo is powered LRC Servizi Srl - Italy VAT nr.IT03358090045\n \n  "],
        "_version_":1694569437795975168},
      {
        "id":"/home/dasha/example/solr-8.8.0/test/test_wet_7364/file3220.txt",
        "resourcename":"/home/dasha/example/solr-8.8.0/test/test_wet_7364/file3220.txt",
        "content_type":["text/plain; charset=UTF-8"],
        "content":[" \n \n  \n  \n  \n  \n  \n  \n  \n  \n \n  All Warnings today Niederwaldkirchen, Rohrbach - ZAMG Weatherwarnings\nDeutsch | About us | Imprint | Infopoint | Contact us\nNews\nWeather\nClimate\nEnvironment\nGeophysics\nResearch\nProducts\nWeatherwarnings\nWeatherforecast\nEventweather\nCurrent Weather\nWeather Map\nWeather Animations\nSatellite Images/Animations\nProducts and Services\nNews\nsearch for ZIP/placename:\nZAMG a Research Institute of the\n© Zentralanstalt für\nMeteorologie und Geodynamik\n1190 Vienna, Hohe Warte 38\nPhone: +43 1 36 0 26\nEmail •••\ntoday Friday\nAdditional Warnings\nMeteoAlarm\nZAMG TOOLS\n5-Day-Weather Warnings\nLink for Your Homepage\nWeather Warnings\nFor Your Mobile Device\nSMSwarnings\nWeather Warnings via SMS\nLegend\nStorm\nRain\nSnow\nBlack Ice\nThunderstorm\nHeat Stress\nCold Stress\nSupplementary Warnings\nCurrent Thunderstorms\nCurrent Thunderstorms with Hail\nWeather / Weatherwarnings updated: Friday, 15.01.2021 16:17\nAll Warnings - today Friday - Niederwaldkirchen\nAll\nWarnings\nAustria\nUpper Austria\nRohrbach\n[district]\nNiederwaldkirchen\n[commune]\nFr Sa Su Mo Tu\nAll Warnings on Friday in the course of the day\n00 03 06 09 12 15 18 21 24\nNiederwaldkirchen\n0 0 0 0 0 0 0 0 0 0 0 0 0 0 0 0 0 0 0 0 0 0 0 0\n00 03 06 09 12 15 18 21 24\nNews\nYour Feedback\nEarthquakes\nNews\nWeather\nWetterforecast\nCurrent Weathter\nWeathermap\nWeatheranimations\nSatellite Images/Animations\nProducts and Services\nNews\nClimate\nClimate updated\nClimate Overviews\nProducts and Services\nClimate Research\nObservational Network\nNews\nEnvironment\nEnvironment updated\nCrisesprevention\nAir Quality Forecast\nProducts and Services\nResearch\nNews\nGeophysics\nEarthquakes\nMagnetics\nApplied Geophysics\nNDC-AT\nConrad Observatory\nProducts and Services\nLexicon\nNews\nResearch\nWeather\nClimate\nEnvironment\nGeophysics\nProducts\nWeather\nClimate\nEnvironment\nGeophysics\nDeutsch\nAbout us\nFunctions\nMission Statement\nCorporate Policy\nAnnals\n(Inter)national Cooperation\nOrganisation\nHistory\nQuality Management\nJobs\nImprint\nInfopoint\nCo-operation Partners\nLibrary\nGuides\nYour Feedback\nLegal\nDisclaimer\nGTC\nContact\n \n  "],
        "_version_":1694569389369589760},
      {
        "id":"/home/dasha/example/solr-8.8.0/test/test_wet_7364/file2824.txt",
        "resourcename":"/home/dasha/example/solr-8.8.0/test/test_wet_7364/file2824.txt",
        "content_type":["text/plain; charset=UTF-8"],
        "content":[" \n \n  \n  \n  \n  \n  \n  \n  \n  \n \n  BRPROUD - Sports\nNexstar Broadcasting Group Inc.\nNexstar Broadcasting Group Inc.\nHome\nNews\nWeather\nHome\nNews\nLocal News\nNational News\nEntertainment News\nWeird News\nCrimeTracker\nGood News!\nEducation News\nLouisiana Politics\nAll About Animals\nCaught on Camera\nWeather\nWeather\nInteractive Radar\nWeather Alerts\nForecast\nMap Center\nStormTracker33 Weather Talk blog\nSports\nSports\nNFL\nNBA\nMLB\nNHL\nNCAA\nGolf\nAuto Racing\nOutdoor Sports\nLocal Sports\nCommunity\nRestaurant Guide\nCalendar\nSee it. Shoot it. Share it.\nContests\nEverything Woman\nBusiness Leaders\nMissing Persons\nYour Stories\nLifestyle\nHealth Source\nHealthy Living\nHealthy Families\nHealthy Seniors\nCancer Care\nHealthy Pets\nWeddings\nGreen Living\nAutomotive Essentials\nReal Estate Essentials\nEducation Essentials\nPersonal Finance\nHome Improvement\nTaxes\nAbout Us\nTV Schedule\nContact Us\nStay Connected\nWork for Us\nMeet the Team\nSuggestions\nNews\nWeather\nNews\nLocal News\nNational News\nEntertainment News\nWeird News\nCrimeTracker\nGood News!\nEducation News\nLouisiana Politics\nAll About Animals\nCaught on Camera\nWeather\nWeather\nInteractive Radar\nWeather Alerts\nForecast\nMap Center\nStormTracker33 Weather Talk blog\nSports\nSports\nNFL\nNBA\nMLB\nNHL\nNCAA\nGolf\nAuto Racing\nOutdoor Sports\nLocal Sports\nCommunity\nRestaurant Guide\nCalendar\nSee it. Shoot it. Share it.\nContests\nEverything Woman\nBusiness Leaders\nMissing Persons\nYour Stories\nLifestyle\nHealth Source\nHealthy Living\nHealthy Families\nHealthy Seniors\nCancer Care\nHealthy Pets\nWeddings\nGreen Living\nAutomotive Essentials\nReal Estate Essentials\nEducation Essentials\nPersonal Finance\nHome Improvement\nTaxes\nAbout Us\nTV Schedule\nContact Us\nStay Connected\nWork for Us\nMeet the Team\nSuggestions\nSite Web Relevance Date\nSearch\nSports News\nNCAA Basketball\nHome | Scoreboard | Standings | Teams | Leaders | Polls | Odds\nSelect other Eastern Kentucky Colonels Balogun, Tariq Blanton, Devontae Broughton, Peyton Brown, Jomaru Carmical, Cameron Cromer, Matt Cruickshank, Russhard Faye, Cheikh Green Jr., Wendell Hobbs, JacQuess Kamona, Rabby King, Tre Knapper, Brandon Lewis, Curt Minter, Isaiah Mitchell, Caleb Moreno, Michael Reeves-Young, Jordan Robb, Cooper Eastern Kentucky Colonels\n#13\nTariq Balogun\nPPG RPG APG\n3.2 2.2 0.0\nTeam: Eastern Kentucky Colonels Height: 6-10 Born: --\nClass-Eligibility: So-So Weight: 225 Hometown: London, England\nCareer Stats\nPer Game Team G GS MPG PPG RPG APG SPG BPG TOPG PFPG FG% 3P% FT%\n19-20 EastKy 24 0 7.7 2.3 1.3 0.0 0.1 0.1 0.2 1.0 .633 - .640\n20-21 EastKy 13 1 10.2 3.2 2.2 0.0 0.1 1.8 0.7 1.6 .619 - .536\nCareer 37 1 8.6 2.6 1.6 0.0 0.1 0.7 0.4 1.2 .627 - .585\nTotals Team G GS Min FGM FGA 3PM 3PA FTM FTA OR REB A Stl Blk TO PF Pts\n19-20 EastKy 24 0 185 19 30 0 0 16 25 16 32 0 2 3 4 25 54\n20-21 EastKy 13 1 133 13 21 0 0 15 28 9 28 0 1 24 9 21 41\nCareer 37 1 318 32 51 0 0 31 53 25 60 0 3 27 13 46 95\nGame Logs\nDate Opp Result Min FGM FGA 3PM 3PA FTM FTA OR REB A Stl Blk TO PF Pts\n11/25 @NoFla W 80-67 11 3 5 0 0 3 4 0 2 0 0 3 0 1 9\n11/27 ChSou W 60-50 7 1 1 0 0 0 0 0 2 0 0 2 0 1 2\n11/30 @Xavier L 96-99 5 0 1 0 0 0 0 0 0 0 0 0 0 3 0\n12/2 @USCUp W 95-78 11 4 4 0 0 1 4 3 4 0 0 3 1 3 9\n12/7 Mor W 71-68 13 0 1 0 0 1 4 1 2 0 0 0 1 1 1\n12/12 Transy W 81-60 14 1 2 0 0 2 3 0 1 0 0 3 1 0 4\n12/14 @Mor L 62-75 9 0 0 0 0 1 2 0 1 0 1 1 2 2 1\n12/17 CamHar W 118-54 11 0 0 0 0 6 6 1 4 0 0 1 0 0 6\n12/22 HighPt W 86-67 16 1 1 0 0 1 2 0 1 0 0 2 0 0 3\n12/30 EastIl W 69-61 11 1 1 0 0 0 3 1 1 0 0 5 1 2 2\n1/2 @APSU W 80-75 5 0 0 0 0 0 0 0 3 0 0 1 0 3 0\n1/7 JacSt W 69-66 11 0 2 0 0 0 0 2 4 0 0 1 1 1 0\n1/9 TnTech W 90-80 9 2 3 0 0 0 0 1 3 0 0 2 2 4 4\n© 2021 by STATS PERFORM.\nAny commercial use or distribution without the express written consent of STATS PERFORM is strictly prohibited.\nNexstar Broadcasting Group Inc.\n© 1998 - 2015 BRProud.com | Nexstar Broadcasting, Inc. | All Rights Reserved.\nTerms of Use\nPrivacy Policy\nEEO Report\nWVLA FCC Public File\nWGMB FCC Public File\nWBRL FCC Public File\n \n  "],
        "_version_":1694569441951481856},
      {
        "id":"/home/dasha/example/solr-8.8.0/test/test_wet_7364/file1841.txt",
        "resourcename":"/home/dasha/example/solr-8.8.0/test/test_wet_7364/file1841.txt",
        "content_type":["text/plain; charset=UTF-8"],
        "content":[" \n \n  \n  \n  \n  \n  \n  \n  \n  \n \n  LoveMyMalta.com - Member Profile: JimReday find, flat, jobs, pratical info - your guide to malta!\n· Home\n· About LMM\n· Gallery\n· General Info\n· Forum\n· Event Calendar\n· Archive and Articles\n· FAQ\n· Search\n· Links\n· Site Map\n· Contact Us\nJanuary 15 2021 15:28:25\nNavigation\nGeneral\nMaltese id card Hospitals & Healthcare Police Information Groceries Insurance Embassies & Consulates Education & Studies Bookshop Malta Map Weather Partner\nFamily Life\nChildcare Schools Parents Group Healthcare\nWork/Jobs\nWork Permit Work in Malta Malta Listings Other Listings\nProperty\nProperty Facts Property Buying Property Renting Contact Us\nLeisure\nAttractions Entertainment Nightlife Discounts Hotels Tickets Nature & Wild Life\nTransport\nFind a Car Getting Around\nFitness\nFitness Healthy Living\nCommunity\nForum Rate a Picture Suggest a Link Suggest News Suggest a Picture\nNewsletter\nSubscribe to our mailing list, to get news, updates and interesting offers.\nEmail Address\nName\nNews in Brief\nFashion, Fun and Shopping @ Trop Mode\n18.12.2011\nin , By Sam\nKikk Computers\n16.12.2011\nin , By Sam\nMyoka Spa's\n14.12.2011\nin , By Sam\nPlatinum Love Magazine\n12.12.2011\nin , By Sam\nShop and win with The Plaza Sliema\n11.12.2011\nin , By Sam\nToday's Weather\n<!-Weather in Valletta, Valletta on your site - HTML code - weatherforecastmap.com -->\nForecast for Valletta\n<!-end of code-->\nBlogs\n» Beautiful Friday!\n» Music time\n» Foodlover's Blog\n7 Day Weather\n<!-Weather in Valletta, Valletta on your site - HTML code - weatherforecastmap.com -- >\nWeather Valletta\n<!-end of code-->\nRSS Feeds\nLatest Articles\nLatest News\nLatest Posts\nLatest Threads\nMember Profile\nUser Name JimReday\nMember\nDate Joined December 07 2019 18:31:14\nLast Visit January 13 2021 06:53:05\nContact Information\nMSN Bowley\nYahoo TN\nWebsite Visit\nSkype Cand\nMiscellaneous Information\nLocation USA\nBirthdate December 11 2017\nJimReday's Forum Activity\n0 Threads :: 883 Posts :: 0 Threads per Day :: 2 Posts/Day\nJimReday ranks 46. in post count with <1% of all posts.\nRecent Threads (Show Posts)\nForum\nLast Post\nThis user did not start a thread yet.\nRecent Posts (Show Threads)\nForum\nLast Post\nThis user did not post in any thread yet.\nLogin\nUsername\nPassword\nNot a member yet?\nClick here to register.\nForgotten your password?\nRequest a new one here.\nEvents\n<< January 2021 >>\nMo Tu We Th Fr Sa Su\n1 2 3\n4 5 6 7 8 9 10\n11 12 13 14 15 16 17\n18 19 20 21 22 23 24\n25 26 27 28 29 30 31\nLive Currency\n100.00 EUR = DKK\n100.00 EUR = SEK\n100.00 EUR = GBP\n100.00 EUR = USD\nFind Waldo\nFollow us here\nFacebook Friends\nSister Site\nGoogle +\nRender time: 13.1 seconds 10,011,124 unique visits\nGot an offer or interesting business you think might interest our readers? Contact LMM\nAny other enquiries? Feel free to contact us!: Contact LMM\nCopyright © 2011 by LoveMyMalta.com\nPowered by Pimped-Fusion copyright © 2009 - 2021\nPowered by PHP-Fusion copyright © 2002 - 2021 by Nick Jones.\nReleased as free software without warranties under GNU Affero GPL v3.\n \n  "],
        "_version_":1694569492334510080},
      {
        "id":"/home/dasha/example/solr-8.8.0/test/test_wet_7364/file7104.txt",
        "resourcename":"/home/dasha/example/solr-8.8.0/test/test_wet_7364/file7104.txt",
        "content_type":["text/plain; charset=UTF-8"],
        "content":[" \n \n  \n  \n  \n  \n  \n  \n  \n  \n \n  Melania Trump unveils WH holiday decorations | CTV News\nTHE CTV NEWS APP:\nCANADA'S MOST TRUSTED NEWS. ANYTIME. ANYWHERE\nDOWNLOAD\nMenu\nVideo\nWeather\nCalgary\nNational\nHighlights\nCTV Morning Live\nCTV Lethbridge\nCTV Calgary Weather App\nPoll Question & Results\nFeatures\nInspired\nPostScript\nWho's Watching the Kids?\nSports\nMore\nTraffic\nCalgary Contests\nPhoto Galleries\nCommunity Calendar\nConnect\nContact Us\nAbout Us\nFacebook\nTwitter\nInstagram\nAdvertise With Us\nCTV Morning Live\nCTV News at 6\nCTV News at Noon\nCTV News at 11:30\nCTV News at 5\nCTV Lethbridge\nSky Watch Weather\nFeatured\nInspired\nWhat's Trending\nSports\nAthlete of the Week\nBREAKING\nNew COVID-19 modelling shows pandemic resurgence in Canada rapidly worsening\nWATCH LIVE\nFederal update on latest COVID-19 modelling data\nYou are here:\nCTV Calgary News Videos\nCTV News Calgary | Local News Video - Top Headlines\nRelated Clips\nBack To Top\nSearch\nCalgary Search X\nVideo Sign In\nVideo Sign Out\nCTV News App Help Contact CTV News Political Ads Registry\nSubscribe to Newsletters Manage Subscriptions\nBack To TopView Full Site\nRELATED SITES\nBNN Bloomberg\nCTV News Channel\nCP24\nCTV.ca\nUse of this Website assumes acceptance of Terms & Conditions and Privacy Policy\n© 2020 All rights reserved.\nBack to top\n \n  "],
        "_version_":1694569436528246784},
      {
        "id":"/home/dasha/example/solr-8.8.0/test/test_wet_7364/file7105.txt",
        "resourcename":"/home/dasha/example/solr-8.8.0/test/test_wet_7364/file7105.txt",
        "content_type":["text/plain; charset=UTF-8"],
        "content":[" \n \n  \n  \n  \n  \n  \n  \n  \n  \n \n  Stephen Hunt | CTV News\nSkip to Main Content\nCTV News\nMobile\nCTV\nLive Now: CTV Morning Live\nSearch\nCTV Calgary Search X\nNews\nVideo\nWeather\nMorning Live\nContests\nTraffic\nAbout\nLocal\nNews Sections\nHome\nCTV Morning Live\nLethbridge\nPoll Results\nSports\nPostScript\nInspired\nCommunity Calendar\nCalgary Contests\nAthlete of the Week\nWeather\nWeather\nCTV Calgary Weather App\nPhoto Galleries\nNews\nCTV News at Noon\nCTV News at 5\nCTV News at 6\nCTV News at 11:30\nMore News\nCTV Morning Live\nCTV Lethbridge\nSky Watch Weather\nLocal Sports\nHighlights\nFeatured Videos\nInspired\nAthlete of the Week\nFeatures\nDocumentaries & Specials\nWhat's Trending\nLIVE\nCTV News LIVE\nCTV News App\nVideo Help\nMorning Live\nCTV Morning Live Calgary\nML Latest Videos\nLive with Lane\nSocial\nFacebook\nTwitter\nInstagram\nAdvertise With Us\nLIVE\nCTV News LIVE\nCTV News App\nVideo Help\nAbout Us\nAbout Us\nContact Us\nSubscribe\nEmail Alerts\nAdvertising\nAdvertise with CTV Calgary\nRegion\nAtlantic\nBarrie\nCalgary\nEdmonton\nGuelph\nKitchener\nLethbridge\nLondon\nMontreal\nNorthern Ontario\nOttawa\nPrince Albert\nRed Deer\nRegina\nSaskatoon\nToronto\nVancouver\nVancouver Island\nWindsor\nWinnipeg\nAdvertisement\nAdvertisement\nFollow:\nstephen.hunt@bellmedia.ca\nArticles by Stephen Hunt\nPaul Brandt tweets support for Corb Lund in opposing coal mining close to Foothills\n'Who are we now?' High Performance Rodeo moves to Instagram in pandemic\nFan-less Flames bring back 50/50 draw back online\nCrowsnest Pass RCMP investigating death of mountain climber\nFirefighters battle blaze at cattle feedlot near Fort Macleod, Alta.\nFormer Flame Jay Bouwmeester retires after 17 NHL seasons\nState of local emergency declared on Stoney Nakoda First Nation\nCharges filed against Innisfail man in relation to August head-on collision near Sundre\nFog advisory issued for Lethbridge and surrounding areas\n2 Drumheller residents face drug-related charges\nMan charged in connection with Lethbridge vehicle-pedestrian collision\nFuneral for slain Calgary police officer to take place Saturday\nCity issues more than two dozen tickets for non-compliance with mask bylaw\nMod Box Studios offer space for remote workers\nMod Box Studios offer space for remote workers\n1 injured in Wednesday shooting in Crescent Heights\nAnyone need a mechanical bull? Ranchman's relics up for auction\nPedestrian struck by vehicle in downtown Calgary\nAuburn Bay family builds a winter ice oasis in backyard\nAlberta COVID-19 cases drop as 17K Moderna vaccines arrive in province\nStephen Hunt\nCTVNewsCalgary.ca Digital Producer\nCalgary\nContact\nSince joining CTV in July 2019, Stephen Hunt has worked as a digital producer, covering everything from city politics to mean coaches to the energy industry and beyond.\nBased in Calgary, Alberta, Stephen has also reported from Los Angeles, New York, Japan, Winnipeg, Vancouver, Beijing and New Orleans.\nAs a digital producer, he specializes in general topics. He also is a board member of the Canadian Theatre Critics Association, and the Calgary theatre critic for the Globe & Mail, as well as an occasional country music critic for the Calgary Herald, where he worked as an entertainment reporter from 2006 to 2016. He’s a produced and published playwright whose works have been staged in New York, LA, Edmonton, Winnipeg, Vancouver and Orlando, and published in Best American Short Plays, as well as a screenwriter and author. He also served as assistant producer on the Sundance Award winning documentary, Americanos: Latino Life in the U.S., working with Emmy and Golden Globe Award winning actor and director Edward James Olmos, in 2000.\nAs part of the Calgary Herald newsroom, Stephen won a group National Newspaper Award in 2014 for Postmedia’s coverage of the 2013 Calgary flood. In 2019, he was nominated for an RTNDA award for a multi-media article he wrote for CBC, where he worked as a digital associate producer and web writer from 2017 to 2019.\nHe taught journalism at Mount Royal University in Calgary and has been an adjunct professor at the creative writing department of the University of British Columbia since 2007, teaching playwriting in the optional residency online class.\nStephen speaks English, some French and a bit of Spanish.\nHAVE A STORY TIP?EMAIL HERE\nCTV Calgary News Team\nAssignment Editors Shannon Johnston Kevin Nimmock Amy Stalker Anchors Camilla Di Giuseppe Chris Epp Jefferson Humphreys Jocelyn Laidlaw Kathy Le Tara Nelson Joelle Tomlinson Ian White Video Journalists Timm Bruch Levi Donley Tyson Fedor Alesia Fieldberg Teri Fikowski Kevin Fleming Lane Fraser Shaun Frenette Kevin Green Darrel Janz Simon Jones Jordan Kanygin Courtney Ketchen Keith Macdonald Bill Macfarlane Vasco Maria Todd McDermott Cynthia Roebuck Brenna Rose Ina Sidhu Stephanie Thomas Chad Tweten Mark Villani Virginia Wright Weather David Spence Kevin Stanfield Adriana Zhang Digital Journalists Jillian Code Dave Dormer Michael Franklin Stephen Hunt Natalie Miller-Maleschuk Ryan White Sports Glenn Campbell\nCTV Lethbridge News Team\nAnchors and Weather Jacquie Scantlebury Dory Rossiter Video Journalists Kaella Doty Austin Lee Terry Vogt\niFrame Element\nSouthern Alberta Weather Alerts\nNo watches or warnings in effect.\nView Full Forecast >>\nAdvertisement\nAdvertisement\nConnect with CTV News Calgary\nAdvertise on CTVNews.ca\nPolitical Ads Registry\nAbout CTV\nCareers\nCTV News Stox\nPress Room\nEditorial Standards and Policies\nContact Us\nLocal News\nCTV News Atlantic\nCTV News Barrie\nCTV News Calgary\nCTV News Edmonton\nCTV News Guelph\nCTV News Kitchener\nCTV News Lethbridge\nCTV News London\nCTV News Montreal\nCTV News Northern Ontario\nCTV News Ottawa\nCTV News Prince Albert\nCTV News Red Deer\nCTV News Regina\nCTV News Saskatoon\nCTV News Toronto\nCTV News Vancouver\nCTV News Vancouver Island\nCTV News Windsor\nCTV News Winnipeg\nCTV News Yorkton\nCTV Two\nAtlantic\nAlberta\nCTV News Barrie\nCTV News London\nOttawa\nCTV News Windsor\nCTV News Vancouver Island\nCTV News Programs\nCTV National News\nPower Play\nW5\nCTV Question Period\nPop Life\nVideo Sign In\nVideo Sign Out\nCTV News App\nVideo Help\nSubscribe to Newsletters Manage Subscriptions\nView Mobile Site\nUse of this Website assumes acceptance of Terms & Conditions and Privacy Policy\n© 2020 All rights reserved.\nBack to top\n \n  "],
        "_version_":1694569364378877952},
      {
        "id":"/home/dasha/example/solr-8.8.0/test/test_wet_7364/file3656.txt",
        "resourcename":"/home/dasha/example/solr-8.8.0/test/test_wet_7364/file3656.txt",
        "content_type":["text/plain; charset=UTF-8"],
        "content":[" \n \n  \n  \n  \n  \n  \n  \n  \n  \n \n  Weekly Visits\nContact Us\nParish Council\nNoticeboard\nMenu\nNews\nWhat's On\nGallery\nLocal Businesses\nCommunity\nClubs and Societies\nCharities and Support Groups\nBrockham Bonfire\nChrist Church\nUseful Information\nShops\nDoctors\nWeekly Visits\nWhere to Eat & Drink\nWhere to Stay\nUseful Contacts\nUseful Links\nTransport Services\nCommunity Venues\nBrockham Map\nHome\nUseful Information\nWeekly Visits\nWeekly Visits\nFresh Fish Van\nWednesday 11.30-12.00 Strood Green - 12.30-1.00 Outside Spar\nPizza Van - The Wood Fired Larder\nWednesday 5pm - 8pm in Chitty's Car Park\nPhone: 07790 738344\nEmail: info@thewoodfiredlarder.co.uk\nClick Here For More Information\nFish & Chip Van\nThursday 16.30-19.30 Strood Green\nPhone: 07763 384890\nEmail: enquiries@fishersuk.com\nClick Here For More Information\nVisit our website\nBROCKHAM Weather\nFri 15\n3.6°C\n0.9°C\nSat 16\n7.2°C\n2°C\nSun 17\n5.2°C\n1.3°C\nWeather by OpenWeatherMap\nThe official Brockham Village website sponsored by the Parish Council.\n©2021 Brockham Parish Council. All rights reserved\n \n  "],
        "_version_":1694569476611112960},
      {
        "id":"/home/dasha/example/solr-8.8.0/test/test_wet_7364/file6073.txt",
        "resourcename":"/home/dasha/example/solr-8.8.0/test/test_wet_7364/file6073.txt",
        "content_type":["text/plain; charset=UTF-8"],
        "content":[" \n \n  \n  \n  \n  \n  \n  \n  \n  \n \n  Amateur Archery Centre\nSkip to content\nAmateur Archery Centre\nPracticing, teaching and promoting the sport\nMenu\nHome\nBack to archery 2021\n2021 Shooting Calendar\nInformation\nContact\nGallery\nWeather forecast\nHumour\nGuestbook\nLinks\nTips, Tricks and Videos\nDownloads\nUser contributions\nHistory\nPrivacy Policy\nGood News!\nAfter the club’s Christmas break, shooting for club members will recommence on Saturday January 30th 2021.\nLearners training and “have-a-go” will recommence on Saturday March 6 2021.\nI’m sure everyone will be happy to resume archery activities and let’s hope it’s a bit cooler.\n(The weather that is, archery itself can’t get any cooler)\nCopyright AAC 2019\n \n  "],
        "_version_":1694569426001592320},
      {
        "id":"/home/dasha/example/solr-8.8.0/test/test_wet_7364/file4092.txt",
        "resourcename":"/home/dasha/example/solr-8.8.0/test/test_wet_7364/file4092.txt",
        "content_type":["text/plain; charset=UTF-8"],
        "content":[" \n \n  \n  \n  \n  \n  \n  \n  \n  \n \n  Day Counter - Free Desktop Gadgets For Windows 10, Windows 8, Windows 7 and Vista\nHere you can find out all Windows Desktop Gadgets installation files.\nFacebookTwitterGoogle+Pinterest\nContact\nLogin\nFree Desktop Gadgets For Windows 10, Windows 8, Windows 7 and Vista\nFree Desktop Gadgets For Windows 10, Windows 8, Windows 7 and Vista\nHome\nPopular Gadgets\nTop Gadgets\nHow to Install\nHome\nPopular Gadgets\nTop Gadgets\nHow to Install\nDay Counter\nHome\nCalendar Gadgets\nDay Counter\nDay Counter\nFree download\nCategory: Calendar Gadgets Tag: countdown\nShare on Facebook Share\nShare on Twitter Tweet\nShare on Google Plus Share\nShare on Pinterest Share\nSend email Mail\nDescription\nReviews (0)\nGadget Description\nDay Counter is a gadget for those who are cautious to never forget an important date. It counts down the days before the due date of your specific event that was set in the settings menu. You can even choose from five different colors to suit your personality as well as adding the name of the event that you are waiting for.\nShare on Facebook Share\nShare on Twitter Tweet\nShare on Google Plus Share\nShare on Pinterest Share\nSend email Mail\nReviews\nThere are no reviews yet.\nLeave Comment\nBe the first to review “Day Counter” Cancel reply\nConnect with:\nYour Rating Rate… Perfect Good Average Not that bad Very Poor\nYour Review\nName *\nEmail *\nclear formSubmit\nRelated Gadgets\nFree download\nAero X Purple Clock And Calendar\nFree download\nRadioactive Calendar\nFree download\nWeek Nummer\nFree download\nDark Calendar\nFree download\nIce Calendare\nFree download\nGrass Calendar\nCategories\nCalendar Gadgets\nClock Gadgets\nFun & Games\nInternet & E-mail\nMusic & TV\nNews & RSS\nPC & System\nSearch Gadgets\nTools & Utillities\nWeather Gadgets\nTop Rated Gadgets\nFruity Clock\n5 out of 5\nCountDown Timer\nMSN Weather\nMy To-Do List\nAmazon Search - Microsoft Version\n5 out of 5\nTags\nalarm clock analog clocks astronomy battery calculator calendar christmas clipboard converter countdown cpu currency digital clocks disk drive flipped clock fun game google graphics hdd internet ip map memory music network news notepad player radio ram reboot restart rss search stopwatch system timer trash video volume weather webcam wi-fi\nCopyright © 2014-2016\nFree Desktop Gadgets For Windows 7, Windows 8, Windows 10 and Vista at GadgetsKit\nX\nSubject:\nMessage:\nHey Buddy!, I found this information for you: \"Day Counter\". Here is the website link: http://www.gadgetskit.com/gadgets/day-counter/. Thank you.\nSend\n \n  "],
        "_version_":1694569357393264640},
      {
        "id":"/home/dasha/example/solr-8.8.0/test/test_wet_7364/file2186.txt",
        "resourcename":"/home/dasha/example/solr-8.8.0/test/test_wet_7364/file2186.txt",
        "content_type":["text/plain; charset=ISO-8859-1"],
        "content":[" \n \n  \n  \n  \n  \n  \n  \n  \n  \n \n  essygie's notebook: dunster house\nessygie's notebook\nFriday, December 6, 2019\ndunster house\nPosted by essygie at 10:11 PM\nEmail ThisBlogThis!Share to TwitterShare to FacebookShare to Pinterest\nLabels: cambridge, photos, urban nature, wet weather\nNo comments:\nPost a Comment\nNote: Only a member of this blog may post a comment.\nNewer Post Older Post Home\nSubscribe to: Post Comments (Atom)\nAbout This Blog\nMy notebook: observations, inspirations.\nMy Published Stories\n3am\nHome\nI Never Thought It Would Come To This\nThe Love Stone\nUndone (shortlisted for MsLexia Fiction prize)\nthe ghoul\nthe girl you could have been\nghost hunter stories\nthe ghost collector\nthe long winter\nshe said to me...\nNotebook Tags\nalaska (12)\nbermuda (8)\nboston (205)\ncambridge (912)\ncape cod (443)\nghost hunter stories (1)\nheadlines (363)\nlook down (43)\nmy stories (44)\nnyc (26)\nobserved (114)\noverheard (607)\nparis (12)\nphotos (1641)\npoetry quotes (170)\nstreet (22)\ntrash (294)\ntrue stories (869)\nurban nature (724)\nwet weather (528)\nSubscribe To\nPosts\nAtom\nPosts\nComments\nAtom\nComments\nfollowers\nSimple theme. Powered by Blogger.\n \n  "],
        "_version_":1694569449124790272}]
  }}
